
Microsoft Visual Studio Solution File, Format Version 12.00
# Visual Studio 2012
# Ranorex Studio 9.1.0
VisualStudioVersion = 12.0.20827.3
MinimumVisualStudioVersion = 10.0.40219.1
Project("{2150E333-8FDC-42A3-9474-1A3956D46DE8}") = "Solution Items", "Solution Items", "{AF9C9738-29E8-471A-96D8-3825D803D844}"
	ProjectSection(SolutionItems) = postProject
		Ranorex = .\Ranorex.rxsettings
	EndProjectSection
EndProject
Project("{FAE04EC0-301F-11D3-BF4B-00C04F79EFBC}") = "FirstTimeEnrollment", "FirstTimeEnrollment\FirstTimeEnrollment.csproj", "{4C54952A-53B3-47D7-99AF-3099BF5432EB}"
EndProject
Project("{FAE04EC0-301F-11D3-BF4B-00C04F79EFBC}") = "SetupAndTeardown", "..\..\Shared\SetupAndTeardown\SetupAndTeardown.csproj", "{94D7DEED-A1A4-4729-BDDD-479F0AE1EBA2}"
EndProject
Global
	GlobalSection(SolutionConfigurationPlatforms) = preSolution
		Debug|x86 = Debug|x86
		Release|x86 = Release|x86
	EndGlobalSection
	GlobalSection(ProjectConfigurationPlatforms) = postSolution
		{4C54952A-53B3-47D7-99AF-3099BF5432EB}.Debug|x86.Build.0 = Debug|x86
		{4C54952A-53B3-47D7-99AF-3099BF5432EB}.Debug|x86.ActiveCfg = Debug|x86
		{4C54952A-53B3-47D7-99AF-3099BF5432EB}.Release|x86.Build.0 = Release|x86
		{4C54952A-53B3-47D7-99AF-3099BF5432EB}.Release|x86.ActiveCfg = Release|x86
		{94D7DEED-A1A4-4729-BDDD-479F0AE1EBA2}.Debug|x86.Build.0 = Debug|x86
		{94D7DEED-A1A4-4729-BDDD-479F0AE1EBA2}.Debug|x86.ActiveCfg = Debug|x86
		{94D7DEED-A1A4-4729-BDDD-479F0AE1EBA2}.Release|x86.Build.0 = Release|x86
		{94D7DEED-A1A4-4729-BDDD-479F0AE1EBA2}.Release|x86.ActiveCfg = Release|x86
	EndGlobalSection
EndGlobal
