
Microsoft Visual Studio Solution File, Format Version 12.00
# Visual Studio 2012
# Ranorex Studio 9.1.0
VisualStudioVersion = 12.0.20827.3
MinimumVisualStudioVersion = 10.0.40219.1
Project("{2150E333-8FDC-42A3-9474-1A3956D46DE8}") = "Solution Items", "Solution Items", "{E1EE0C55-5AE4-4C7A-B090-4A0AD2F665C0}"
	ProjectSection(SolutionItems) = postProject
		Ranorex = .\Ranorex.rxsettings
		RanorexLicenseManager = .\RanorexLicenseManager.lic
	EndProjectSection
EndProject
Project("{FAE04EC0-301F-11D3-BF4B-00C04F79EFBC}") = "SetupAndTeardown", "..\Shared\SetupAndTeardown\SetupAndTeardown.csproj", "{94D7DEED-A1A4-4729-BDDD-479F0AE1EBA2}"
EndProject
Project("{FAE04EC0-301F-11D3-BF4B-00C04F79EFBC}") = "LoginTestSuite", "LoginTestSuite\LoginTestSuite.csproj", "{785800DB-6B94-4A14-9FFF-E9921B75469C}"
EndProject
Project("{FAE04EC0-301F-11D3-BF4B-00C04F79EFBC}") = "AdvancedSearch", "AdvancedSearch\AdvancedSearch\AdvancedSearch.csproj", "{25B17731-DDAE-43A7-B75C-F35E8B1C060D}"
EndProject
Project("{FAE04EC0-301F-11D3-BF4B-00C04F79EFBC}") = "Settings", "Settings\Settings\Settings.csproj", "{DBC5F161-48FC-40E1-BE91-0FE399C9099C}"
EndProject
Project("{FAE04EC0-301F-11D3-BF4B-00C04F79EFBC}") = "CRIF", "CRIF\CRIF.csproj", "{B7FE91C0-30EC-499B-927B-2A444D5B9E41}"
EndProject
Project("{FAE04EC0-301F-11D3-BF4B-00C04F79EFBC}") = "FirstTimeEnrollment", "FirstTimeEnrollment\FirstTimeEnrollment\FirstTimeEnrollment.csproj", "{4C54952A-53B3-47D7-99AF-3099BF5432EB}"
EndProject
Project("{FAE04EC0-301F-11D3-BF4B-00C04F79EFBC}") = "Accounts", "Accounts\Accounts.csproj", "{585EB9F0-1C1B-4664-A56B-C57E2CF49598}"
EndProject
Project("{FAE04EC0-301F-11D3-BF4B-00C04F79EFBC}") = "BillPayReports", "BillPayReports\BillPayReports\BillPayReports\BillPayReports.csproj", "{E5AA77E5-E3DC-4C97-82C7-C43B60D2542C}"
EndProject
Project("{FAE04EC0-301F-11D3-BF4B-00C04F79EFBC}") = "BillPayTestSuite", "BillPay\BillPayTestSuite.csproj", "{3B940677-C5A9-4D6A-BF97-FA91D1378D92}"
EndProject
Project("{FAE04EC0-301F-11D3-BF4B-00C04F79EFBC}") = "DebitCards", "DebitCards\Debit_Cards_V2\DebitCards.csproj", "{F2FD3CDF-0A78-4CDE-AA82-E09752898078}"
EndProject
Project("{FAE04EC0-301F-11D3-BF4B-00C04F79EFBC}") = "HeaderFooter", "HeaderFooter\Header_Footer\HeaderFooter.csproj", "{233DD070-9BF8-4E05-AD6D-45581EF49FCC}"
EndProject
Project("{FAE04EC0-301F-11D3-BF4B-00C04F79EFBC}") = "Messages", "Messages\Messages_V2\Messages.csproj", "{87A4EB11-753D-47E7-9307-B697F35C8D66}"
EndProject
Project("{FAE04EC0-301F-11D3-BF4B-00C04F79EFBC}") = "Support", "Support\Support_V2\Support.csproj", "{D09A8F3E-04F2-4A8E-B1A8-63788E56371C}"
EndProject
Project("{FAE04EC0-301F-11D3-BF4B-00C04F79EFBC}") = "Transfers", "Transfers\Transfers\Transfers\Transfers.csproj", "{7A969C95-21CA-4DE1-B5FE-473E5D1E0ACC}"
EndProject
Project("{FAE04EC0-301F-11D3-BF4B-00C04F79EFBC}") = "NewAccountOpening", "NewAccountOpening\NewAccountOpening\NewAccountOpening.csproj", "{983934A0-38F6-4DC6-B12E-7350DBA199BC}"
EndProject
Global
	GlobalSection(SolutionConfigurationPlatforms) = preSolution
		Debug|x86 = Debug|x86
		Release|x86 = Release|x86
	EndGlobalSection
	GlobalSection(ProjectConfigurationPlatforms) = postSolution
		{94D7DEED-A1A4-4729-BDDD-479F0AE1EBA2}.Debug|x86.Build.0 = Debug|x86
		{94D7DEED-A1A4-4729-BDDD-479F0AE1EBA2}.Debug|x86.ActiveCfg = Debug|x86
		{94D7DEED-A1A4-4729-BDDD-479F0AE1EBA2}.Release|x86.Build.0 = Release|x86
		{94D7DEED-A1A4-4729-BDDD-479F0AE1EBA2}.Release|x86.ActiveCfg = Release|x86
		{785800DB-6B94-4A14-9FFF-E9921B75469C}.Debug|x86.Build.0 = Debug|x86
		{785800DB-6B94-4A14-9FFF-E9921B75469C}.Debug|x86.ActiveCfg = Debug|x86
		{785800DB-6B94-4A14-9FFF-E9921B75469C}.Release|x86.Build.0 = Release|x86
		{785800DB-6B94-4A14-9FFF-E9921B75469C}.Release|x86.ActiveCfg = Release|x86
		{25B17731-DDAE-43A7-B75C-F35E8B1C060D}.Debug|x86.Build.0 = Debug|x86
		{25B17731-DDAE-43A7-B75C-F35E8B1C060D}.Debug|x86.ActiveCfg = Debug|x86
		{25B17731-DDAE-43A7-B75C-F35E8B1C060D}.Release|x86.Build.0 = Release|x86
		{25B17731-DDAE-43A7-B75C-F35E8B1C060D}.Release|x86.ActiveCfg = Release|x86
		{DBC5F161-48FC-40E1-BE91-0FE399C9099C}.Debug|x86.Build.0 = Debug|x86
		{DBC5F161-48FC-40E1-BE91-0FE399C9099C}.Debug|x86.ActiveCfg = Debug|x86
		{DBC5F161-48FC-40E1-BE91-0FE399C9099C}.Release|x86.Build.0 = Release|x86
		{DBC5F161-48FC-40E1-BE91-0FE399C9099C}.Release|x86.ActiveCfg = Release|x86
		{B7FE91C0-30EC-499B-927B-2A444D5B9E41}.Debug|x86.Build.0 = Debug|x86
		{B7FE91C0-30EC-499B-927B-2A444D5B9E41}.Debug|x86.ActiveCfg = Debug|x86
		{B7FE91C0-30EC-499B-927B-2A444D5B9E41}.Release|x86.Build.0 = Release|x86
		{B7FE91C0-30EC-499B-927B-2A444D5B9E41}.Release|x86.ActiveCfg = Release|x86
		{4C54952A-53B3-47D7-99AF-3099BF5432EB}.Debug|x86.Build.0 = Debug|x86
		{4C54952A-53B3-47D7-99AF-3099BF5432EB}.Debug|x86.ActiveCfg = Debug|x86
		{4C54952A-53B3-47D7-99AF-3099BF5432EB}.Release|x86.Build.0 = Release|x86
		{4C54952A-53B3-47D7-99AF-3099BF5432EB}.Release|x86.ActiveCfg = Release|x86
		{585EB9F0-1C1B-4664-A56B-C57E2CF49598}.Debug|x86.Build.0 = Debug|x86
		{585EB9F0-1C1B-4664-A56B-C57E2CF49598}.Debug|x86.ActiveCfg = Debug|x86
		{585EB9F0-1C1B-4664-A56B-C57E2CF49598}.Release|x86.Build.0 = Release|x86
		{585EB9F0-1C1B-4664-A56B-C57E2CF49598}.Release|x86.ActiveCfg = Release|x86
		{E5AA77E5-E3DC-4C97-82C7-C43B60D2542C}.Debug|x86.Build.0 = Debug|x86
		{E5AA77E5-E3DC-4C97-82C7-C43B60D2542C}.Debug|x86.ActiveCfg = Debug|x86
		{E5AA77E5-E3DC-4C97-82C7-C43B60D2542C}.Release|x86.Build.0 = Release|x86
		{E5AA77E5-E3DC-4C97-82C7-C43B60D2542C}.Release|x86.ActiveCfg = Release|x86
		{3B940677-C5A9-4D6A-BF97-FA91D1378D92}.Debug|x86.Build.0 = Debug|x86
		{3B940677-C5A9-4D6A-BF97-FA91D1378D92}.Debug|x86.ActiveCfg = Debug|x86
		{3B940677-C5A9-4D6A-BF97-FA91D1378D92}.Release|x86.Build.0 = Release|x86
		{3B940677-C5A9-4D6A-BF97-FA91D1378D92}.Release|x86.ActiveCfg = Release|x86
		{F2FD3CDF-0A78-4CDE-AA82-E09752898078}.Debug|x86.Build.0 = Debug|x86
		{F2FD3CDF-0A78-4CDE-AA82-E09752898078}.Debug|x86.ActiveCfg = Debug|x86
		{F2FD3CDF-0A78-4CDE-AA82-E09752898078}.Release|x86.Build.0 = Release|x86
		{F2FD3CDF-0A78-4CDE-AA82-E09752898078}.Release|x86.ActiveCfg = Release|x86
		{233DD070-9BF8-4E05-AD6D-45581EF49FCC}.Debug|x86.Build.0 = Debug|x86
		{233DD070-9BF8-4E05-AD6D-45581EF49FCC}.Debug|x86.ActiveCfg = Debug|x86
		{233DD070-9BF8-4E05-AD6D-45581EF49FCC}.Release|x86.Build.0 = Release|x86
		{233DD070-9BF8-4E05-AD6D-45581EF49FCC}.Release|x86.ActiveCfg = Release|x86
		{87A4EB11-753D-47E7-9307-B697F35C8D66}.Debug|x86.Build.0 = Debug|x86
		{87A4EB11-753D-47E7-9307-B697F35C8D66}.Debug|x86.ActiveCfg = Debug|x86
		{87A4EB11-753D-47E7-9307-B697F35C8D66}.Release|x86.Build.0 = Release|x86
		{87A4EB11-753D-47E7-9307-B697F35C8D66}.Release|x86.ActiveCfg = Release|x86
		{D09A8F3E-04F2-4A8E-B1A8-63788E56371C}.Debug|x86.Build.0 = Debug|x86
		{D09A8F3E-04F2-4A8E-B1A8-63788E56371C}.Debug|x86.ActiveCfg = Debug|x86
		{D09A8F3E-04F2-4A8E-B1A8-63788E56371C}.Release|x86.Build.0 = Release|x86
		{D09A8F3E-04F2-4A8E-B1A8-63788E56371C}.Release|x86.ActiveCfg = Release|x86
		{7A969C95-21CA-4DE1-B5FE-473E5D1E0ACC}.Debug|x86.Build.0 = Debug|x86
		{7A969C95-21CA-4DE1-B5FE-473E5D1E0ACC}.Debug|x86.ActiveCfg = Debug|x86
		{7A969C95-21CA-4DE1-B5FE-473E5D1E0ACC}.Release|x86.Build.0 = Release|x86
		{7A969C95-21CA-4DE1-B5FE-473E5D1E0ACC}.Release|x86.ActiveCfg = Release|x86
		{983934A0-38F6-4DC6-B12E-7350DBA199BC}.Debug|x86.Build.0 = Debug|x86
		{983934A0-38F6-4DC6-B12E-7350DBA199BC}.Debug|x86.ActiveCfg = Debug|x86
		{983934A0-38F6-4DC6-B12E-7350DBA199BC}.Release|x86.Build.0 = Release|x86
		{983934A0-38F6-4DC6-B12E-7350DBA199BC}.Release|x86.ActiveCfg = Release|x86
	EndGlobalSection
EndGlobal
