
Microsoft Visual Studio Solution File, Format Version 11.00
# Visual Studio 2010
# Ranorex Studio 8.2
Project("{FAE04EC0-301F-11D3-BF4B-00C04F79EFBC}") = "Transfersv2", "Transfersv2.csproj", "{7A969C95-21CA-4DE1-B5FE-473E5D1E0ACC}"
EndProject
Global
	GlobalSection(SolutionConfigurationPlatforms) = preSolution
		Debug|x86 = Debug|x86
		Release|x86 = Release|x86
	EndGlobalSection
	GlobalSection(ProjectConfigurationPlatforms) = postSolution
		{7A969C95-21CA-4DE1-B5FE-473E5D1E0ACC}.Debug|x86.Build.0 = Debug|x86
		{7A969C95-21CA-4DE1-B5FE-473E5D1E0ACC}.Debug|x86.ActiveCfg = Debug|x86
		{7A969C95-21CA-4DE1-B5FE-473E5D1E0ACC}.Release|x86.Build.0 = Release|x86
		{7A969C95-21CA-4DE1-B5FE-473E5D1E0ACC}.Release|x86.ActiveCfg = Release|x86
	EndGlobalSection
EndGlobal
