
Microsoft Visual Studio Solution File, Format Version 11.00
# Visual Studio 2010
# Ranorex Studio 8.3
Project("{2150E333-8FDC-42A3-9474-1A3956D46DE8}") = "Solution Items", "Solution Items", "{CAB5F8B4-5E19-44CF-9ABF-18995AC5942E}"
	ProjectSection(SolutionItems) = postProject
		Ranorex = .\Ranorex.rxsettings
	EndProjectSection
EndProject
Project("{FAE04EC0-301F-11D3-BF4B-00C04F79EFBC}") = "Messages_V2", "Messages_V2.csproj", "{87A4EB11-753D-47E7-9307-B697F35C8D66}"
EndProject
Project("{FAE04EC0-301F-11D3-BF4B-00C04F79EFBC}") = "SetupAndTeardown", "..\..\..\Shared\SetupAndTeardown\SetupAndTeardown.csproj", "{94D7DEED-A1A4-4729-BDDD-479F0AE1EBA2}"
EndProject
Global
	GlobalSection(SolutionConfigurationPlatforms) = preSolution
		Debug|x86 = Debug|x86
		Release|x86 = Release|x86
	EndGlobalSection
	GlobalSection(ProjectConfigurationPlatforms) = postSolution
		{87A4EB11-753D-47E7-9307-B697F35C8D66}.Debug|x86.Build.0 = Debug|x86
		{87A4EB11-753D-47E7-9307-B697F35C8D66}.Debug|x86.ActiveCfg = Debug|x86
		{87A4EB11-753D-47E7-9307-B697F35C8D66}.Release|x86.Build.0 = Release|x86
		{87A4EB11-753D-47E7-9307-B697F35C8D66}.Release|x86.ActiveCfg = Release|x86
		{94D7DEED-A1A4-4729-BDDD-479F0AE1EBA2}.Debug|x86.Build.0 = Debug|x86
		{94D7DEED-A1A4-4729-BDDD-479F0AE1EBA2}.Debug|x86.ActiveCfg = Debug|x86
		{94D7DEED-A1A4-4729-BDDD-479F0AE1EBA2}.Release|x86.Build.0 = Release|x86
		{94D7DEED-A1A4-4729-BDDD-479F0AE1EBA2}.Release|x86.ActiveCfg = Release|x86
	EndGlobalSection
EndGlobal
