
Microsoft Visual Studio Solution File, Format Version 11.00
# Visual Studio 2010
# Ranorex Studio 8.3
Project("{2150E333-8FDC-42A3-9474-1A3956D46DE8}") = "Solution Items", "Solution Items", "{E1EE0C55-5AE4-4C7A-B090-4A0AD2F665C0}"
	ProjectSection(SolutionItems) = postProject
		Ranorex = .\Ranorex.rxsettings
		RanorexLicenseManager = .\RanorexLicenseManager.lic
	EndProjectSection
EndProject
Project("{FAE04EC0-301F-11D3-BF4B-00C04F79EFBC}") = "SetupAndTeardown", "..\..\Shared\SetupAndTeardown\SetupAndTeardown.csproj", "{94D7DEED-A1A4-4729-BDDD-479F0AE1EBA2}"
EndProject
Project("{FAE04EC0-301F-11D3-BF4B-00C04F79EFBC}") = "AccountsTestSuite", "AccountsTestSuite.csproj", "{585EB9F0-1C1B-4664-A56B-C57E2CF49598}"
EndProject
Global
	GlobalSection(SolutionConfigurationPlatforms) = preSolution
		Debug|x86 = Debug|x86
		Release|x86 = Release|x86
	EndGlobalSection
	GlobalSection(ProjectConfigurationPlatforms) = postSolution
		{94D7DEED-A1A4-4729-BDDD-479F0AE1EBA2}.Debug|x86.Build.0 = Debug|x86
		{94D7DEED-A1A4-4729-BDDD-479F0AE1EBA2}.Debug|x86.ActiveCfg = Debug|x86
		{94D7DEED-A1A4-4729-BDDD-479F0AE1EBA2}.Release|x86.Build.0 = Release|x86
		{94D7DEED-A1A4-4729-BDDD-479F0AE1EBA2}.Release|x86.ActiveCfg = Release|x86
		{585EB9F0-1C1B-4664-A56B-C57E2CF49598}.Debug|x86.Build.0 = Debug|x86
		{585EB9F0-1C1B-4664-A56B-C57E2CF49598}.Debug|x86.ActiveCfg = Debug|x86
		{585EB9F0-1C1B-4664-A56B-C57E2CF49598}.Release|x86.Build.0 = Release|x86
		{585EB9F0-1C1B-4664-A56B-C57E2CF49598}.Release|x86.ActiveCfg = Release|x86
	EndGlobalSection
EndGlobal
